
Microsoft Visual Studio Solution File, Format Version 12.00
# Visual Studio Version 17
VisualStudioVersion = 17.8.34330.188
MinimumVisualStudioVersion = 10.0.40219.1
Project("{FAE04EC0-301F-11D3-BF4B-00C04F79EFBC}") = "PlatformService", "PlatformService.csproj", "{9CE3935F-395C-4EE2-A05B-C74D8785AF11}"
EndProject
Global
	GlobalSection(SolutionConfigurationPlatforms) = preSolution
		Debug|Any CPU = Debug|Any CPU
		Release|Any CPU = Release|Any CPU
	EndGlobalSection
	GlobalSection(ProjectConfigurationPlatforms) = postSolution
		{9CE3935F-395C-4EE2-A05B-C74D8785AF11}.Debug|Any CPU.ActiveCfg = Debug|Any CPU
		{9CE3935F-395C-4EE2-A05B-C74D8785AF11}.Debug|Any CPU.Build.0 = Debug|Any CPU
		{9CE3935F-395C-4EE2-A05B-C74D8785AF11}.Release|Any CPU.ActiveCfg = Release|Any CPU
		{9CE3935F-395C-4EE2-A05B-C74D8785AF11}.Release|Any CPU.Build.0 = Release|Any CPU
	EndGlobalSection
	GlobalSection(SolutionProperties) = preSolution
		HideSolutionNode = FALSE
	EndGlobalSection
	GlobalSection(ExtensibilityGlobals) = postSolution
		SolutionGuid = {B703097C-DF7A-4874-8F10-A8E2EFBDCCB5}
	EndGlobalSection
EndGlobal
